// !$*UTF8*$!
{
	archiveVersion = 1;
	classes = {
	};
	objectVersion = 50;
	objects = {

/* Begin PBXBuildFile section */
		88553EDC2389185100B2240F /* AppDelegate.swift in Sources */ = {isa = PBXBuildFile; fileRef = 88553EDB2389185100B2240F /* AppDelegate.swift */; };
		88553EDE2389185100B2240F /* SceneDelegate.swift in Sources */ = {isa = PBXBuildFile; fileRef = 88553EDD2389185100B2240F /* SceneDelegate.swift */; };
		88553EE02389185100B2240F /* ViewController.swift in Sources */ = {isa = PBXBuildFile; fileRef = 88553EDF2389185100B2240F /* ViewController.swift */; };
		88553EE32389185100B2240F /* Main.storyboard in Resources */ = {isa = PBXBuildFile; fileRef = 88553EE12389185100B2240F /* Main.storyboard */; };
		88553EE82389185700B2240F /* Assets.xcassets in Resources */ = {isa = PBXBuildFile; fileRef = 88553EE72389185700B2240F /* Assets.xcassets */; };
		88553EEB2389185700B2240F /* LaunchScreen.storyboard in Resources */ = {isa = PBXBuildFile; fileRef = 88553EE92389185700B2240F /* LaunchScreen.storyboard */; };
		88553EF423891B4D00B2240F /* beerData.xcdatamodeld in Sources */ = {isa = PBXBuildFile; fileRef = 88553EF223891B4D00B2240F /* beerData.xcdatamodeld */; };
		88553EF623891DAC00B2240F /* CoreDataManager.swift in Sources */ = {isa = PBXBuildFile; fileRef = 88553EF523891DAC00B2240F /* CoreDataManager.swift */; };
		88553EF82389314F00B2240F /* MainViewModel.swift in Sources */ = {isa = PBXBuildFile; fileRef = 88553EF72389314F00B2240F /* MainViewModel.swift */; };
		88553EFD2389356900B2240F /* ApiService.swift in Sources */ = {isa = PBXBuildFile; fileRef = 88553EFC2389356900B2240F /* ApiService.swift */; };
		88553F022389559900B2240F /* BeerCell.swift in Sources */ = {isa = PBXBuildFile; fileRef = 88553F012389559900B2240F /* BeerCell.swift */; };
		88553F0423895A7E00B2240F /* ImageViewExtension.swift in Sources */ = {isa = PBXBuildFile; fileRef = 88553F0323895A7E00B2240F /* ImageViewExtension.swift */; };
		88553F06238992F700B2240F /* beerDetailViewController.swift in Sources */ = {isa = PBXBuildFile; fileRef = 88553F05238992F700B2240F /* beerDetailViewController.swift */; };
/* End PBXBuildFile section */

/* Begin PBXFileReference section */
		88553ED82389185100B2240F /* PunkIpa.app */ = {isa = PBXFileReference; explicitFileType = wrapper.application; includeInIndex = 0; path = PunkIpa.app; sourceTree = BUILT_PRODUCTS_DIR; };
		88553EDB2389185100B2240F /* AppDelegate.swift */ = {isa = PBXFileReference; lastKnownFileType = sourcecode.swift; path = AppDelegate.swift; sourceTree = "<group>"; };
		88553EDD2389185100B2240F /* SceneDelegate.swift */ = {isa = PBXFileReference; lastKnownFileType = sourcecode.swift; path = SceneDelegate.swift; sourceTree = "<group>"; };
		88553EDF2389185100B2240F /* ViewController.swift */ = {isa = PBXFileReference; lastKnownFileType = sourcecode.swift; path = ViewController.swift; sourceTree = "<group>"; };
		88553EE22389185100B2240F /* Base */ = {isa = PBXFileReference; lastKnownFileType = file.storyboard; name = Base; path = Base.lproj/Main.storyboard; sourceTree = "<group>"; };
		88553EE72389185700B2240F /* Assets.xcassets */ = {isa = PBXFileReference; lastKnownFileType = folder.assetcatalog; path = Assets.xcassets; sourceTree = "<group>"; };
		88553EEA2389185700B2240F /* Base */ = {isa = PBXFileReference; lastKnownFileType = file.storyboard; name = Base; path = Base.lproj/LaunchScreen.storyboard; sourceTree = "<group>"; };
		88553EEC2389185700B2240F /* Info.plist */ = {isa = PBXFileReference; lastKnownFileType = text.plist.xml; path = Info.plist; sourceTree = "<group>"; };
		88553EF323891B4D00B2240F /* beerData.xcdatamodel */ = {isa = PBXFileReference; lastKnownFileType = wrapper.xcdatamodel; path = beerData.xcdatamodel; sourceTree = "<group>"; };
		88553EF523891DAC00B2240F /* CoreDataManager.swift */ = {isa = PBXFileReference; lastKnownFileType = sourcecode.swift; path = CoreDataManager.swift; sourceTree = "<group>"; };
		88553EF72389314F00B2240F /* MainViewModel.swift */ = {isa = PBXFileReference; lastKnownFileType = sourcecode.swift; path = MainViewModel.swift; sourceTree = "<group>"; };
		88553EFC2389356900B2240F /* ApiService.swift */ = {isa = PBXFileReference; lastKnownFileType = sourcecode.swift; path = ApiService.swift; sourceTree = "<group>"; };
		88553F012389559900B2240F /* BeerCell.swift */ = {isa = PBXFileReference; lastKnownFileType = sourcecode.swift; path = BeerCell.swift; sourceTree = "<group>"; };
		88553F0323895A7E00B2240F /* ImageViewExtension.swift */ = {isa = PBXFileReference; lastKnownFileType = sourcecode.swift; path = ImageViewExtension.swift; sourceTree = "<group>"; };
		88553F05238992F700B2240F /* beerDetailViewController.swift */ = {isa = PBXFileReference; lastKnownFileType = sourcecode.swift; path = beerDetailViewController.swift; sourceTree = "<group>"; };
/* End PBXFileReference section */

/* Begin PBXFrameworksBuildPhase section */
		88553ED52389185100B2240F /* Frameworks */ = {
			isa = PBXFrameworksBuildPhase;
			buildActionMask = 2147483647;
			files = (
			);
			runOnlyForDeploymentPostprocessing = 0;
		};
/* End PBXFrameworksBuildPhase section */

/* Begin PBXGroup section */
		88553ECF2389185100B2240F = {
			isa = PBXGroup;
			children = (
				88553EDA2389185100B2240F /* beerPairing */,
				88553ED92389185100B2240F /* Products */,
			);
			sourceTree = "<group>";
		};
		88553ED92389185100B2240F /* Products */ = {
			isa = PBXGroup;
			children = (
				88553ED82389185100B2240F /* PunkIpa.app */,
			);
			name = Products;
			sourceTree = "<group>";
		};
		88553EDA2389185100B2240F /* beerPairing */ = {
			isa = PBXGroup;
			children = (
				88553F012389559900B2240F /* BeerCell.swift */,
				88553EDB2389185100B2240F /* AppDelegate.swift */,
				88553EDD2389185100B2240F /* SceneDelegate.swift */,
				88553EDF2389185100B2240F /* ViewController.swift */,
				88553F05238992F700B2240F /* beerDetailViewController.swift */,
				88553EE72389185700B2240F /* Assets.xcassets */,
				88553EEC2389185700B2240F /* Info.plist */,
				88553F002389558400B2240F /* Extensions */,
				88553EFB2389326F00B2240F /* ViewModel */,
				88553EFA2389326100B2240F /* View */,
				88553EF92389325800B2240F /* Model */,
				88553EFC2389356900B2240F /* ApiService.swift */,
			);
			path = beerPairing;
			sourceTree = "<group>";
		};
		88553EF92389325800B2240F /* Model */ = {
			isa = PBXGroup;
			children = (
				88553EF223891B4D00B2240F /* beerData.xcdatamodeld */,
				88553EF523891DAC00B2240F /* CoreDataManager.swift */,
			);
			path = Model;
			sourceTree = "<group>";
		};
		88553EFA2389326100B2240F /* View */ = {
			isa = PBXGroup;
			children = (
				88553EE92389185700B2240F /* LaunchScreen.storyboard */,
				88553EE12389185100B2240F /* Main.storyboard */,
			);
			path = View;
			sourceTree = "<group>";
		};
		88553EFB2389326F00B2240F /* ViewModel */ = {
			isa = PBXGroup;
			children = (
				88553EF72389314F00B2240F /* MainViewModel.swift */,
			);
			path = ViewModel;
			sourceTree = "<group>";
		};
		88553F002389558400B2240F /* Extensions */ = {
			isa = PBXGroup;
			children = (
				88553F0323895A7E00B2240F /* ImageViewExtension.swift */,
			);
			path = Extensions;
			sourceTree = "<group>";
		};
/* End PBXGroup section */

/* Begin PBXNativeTarget section */
		88553ED72389185100B2240F /* beerPairing */ = {
			isa = PBXNativeTarget;
			buildConfigurationList = 88553EEF2389185700B2240F /* Build configuration list for PBXNativeTarget "beerPairing" */;
			buildPhases = (
				88553ED42389185100B2240F /* Sources */,
				88553ED52389185100B2240F /* Frameworks */,
				88553ED62389185100B2240F /* Resources */,
			);
			buildRules = (
			);
			dependencies = (
			);
			name = beerPairing;
			productName = beerPairing;
			productReference = 88553ED82389185100B2240F /* PunkIpa.app */;
			productType = "com.apple.product-type.application";
		};
/* End PBXNativeTarget section */

/* Begin PBXProject section */
		88553ED02389185100B2240F /* Project object */ = {
			isa = PBXProject;
			attributes = {
				LastSwiftUpdateCheck = 1120;
				LastUpgradeCheck = 1120;
				ORGANIZATIONNAME = "Alfons Gonzalez Tenas";
				TargetAttributes = {
					88553ED72389185100B2240F = {
						CreatedOnToolsVersion = 11.2.1;
					};
				};
			};
			buildConfigurationList = 88553ED32389185100B2240F /* Build configuration list for PBXProject "beerPairing" */;
			compatibilityVersion = "Xcode 9.3";
			developmentRegion = en;
			hasScannedForEncodings = 0;
			knownRegions = (
				en,
				Base,
			);
			mainGroup = 88553ECF2389185100B2240F;
			productRefGroup = 88553ED92389185100B2240F /* Products */;
			projectDirPath = "";
			projectRoot = "";
			targets = (
				88553ED72389185100B2240F /* beerPairing */,
			);
		};
/* End PBXProject section */

/* Begin PBXResourcesBuildPhase section */
		88553ED62389185100B2240F /* Resources */ = {
			isa = PBXResourcesBuildPhase;
			buildActionMask = 2147483647;
			files = (
				88553EEB2389185700B2240F /* LaunchScreen.storyboard in Resources */,
				88553EE82389185700B2240F /* Assets.xcassets in Resources */,
				88553EE32389185100B2240F /* Main.storyboard in Resources */,
			);
			runOnlyForDeploymentPostprocessing = 0;
		};
/* End PBXResourcesBuildPhase section */

/* Begin PBXSourcesBuildPhase section */
		88553ED42389185100B2240F /* Sources */ = {
			isa = PBXSourcesBuildPhase;
			buildActionMask = 2147483647;
			files = (
				88553EF623891DAC00B2240F /* CoreDataManager.swift in Sources */,
				88553F0423895A7E00B2240F /* ImageViewExtension.swift in Sources */,
				88553EE02389185100B2240F /* ViewController.swift in Sources */,
				88553EDC2389185100B2240F /* AppDelegate.swift in Sources */,
				88553EDE2389185100B2240F /* SceneDelegate.swift in Sources */,
				88553EF82389314F00B2240F /* MainViewModel.swift in Sources */,
				88553F022389559900B2240F /* BeerCell.swift in Sources */,
				88553F06238992F700B2240F /* beerDetailViewController.swift in Sources */,
				88553EFD2389356900B2240F /* ApiService.swift in Sources */,
				88553EF423891B4D00B2240F /* beerData.xcdatamodeld in Sources */,
			);
			runOnlyForDeploymentPostprocessing = 0;
		};
/* End PBXSourcesBuildPhase section */

/* Begin PBXVariantGroup section */
		88553EE12389185100B2240F /* Main.storyboard */ = {
			isa = PBXVariantGroup;
			children = (
				88553EE22389185100B2240F /* Base */,
			);
			name = Main.storyboard;
			sourceTree = "<group>";
		};
		88553EE92389185700B2240F /* LaunchScreen.storyboard */ = {
			isa = PBXVariantGroup;
			children = (
				88553EEA2389185700B2240F /* Base */,
			);
			name = LaunchScreen.storyboard;
			sourceTree = "<group>";
		};
/* End PBXVariantGroup section */

/* Begin XCBuildConfiguration section */
		88553EED2389185700B2240F /* Debug */ = {
			isa = XCBuildConfiguration;
			buildSettings = {
				ALWAYS_SEARCH_USER_PATHS = NO;
				CLANG_ANALYZER_NONNULL = YES;
				CLANG_ANALYZER_NUMBER_OBJECT_CONVERSION = YES_AGGRESSIVE;
				CLANG_CXX_LANGUAGE_STANDARD = "gnu++14";
				CLANG_CXX_LIBRARY = "libc++";
				CLANG_ENABLE_MODULES = YES;
				CLANG_ENABLE_OBJC_ARC = YES;
				CLANG_ENABLE_OBJC_WEAK = YES;
				CLANG_WARN_BLOCK_CAPTURE_AUTORELEASING = YES;
				CLANG_WARN_BOOL_CONVERSION = YES;
				CLANG_WARN_COMMA = YES;
				CLANG_WARN_CONSTANT_CONVERSION = YES;
				CLANG_WARN_DEPRECATED_OBJC_IMPLEMENTATIONS = YES;
				CLANG_WARN_DIRECT_OBJC_ISA_USAGE = YES_ERROR;
				CLANG_WARN_DOCUMENTATION_COMMENTS = YES;
				CLANG_WARN_EMPTY_BODY = YES;
				CLANG_WARN_ENUM_CONVERSION = YES;
				CLANG_WARN_INFINITE_RECURSION = YES;
				CLANG_WARN_INT_CONVERSION = YES;
				CLANG_WARN_NON_LITERAL_NULL_CONVERSION = YES;
				CLANG_WARN_OBJC_IMPLICIT_RETAIN_SELF = YES;
				CLANG_WARN_OBJC_LITERAL_CONVERSION = YES;
				CLANG_WARN_OBJC_ROOT_CLASS = YES_ERROR;
				CLANG_WARN_RANGE_LOOP_ANALYSIS = YES;
				CLANG_WARN_STRICT_PROTOTYPES = YES;
				CLANG_WARN_SUSPICIOUS_MOVE = YES;
				CLANG_WARN_UNGUARDED_AVAILABILITY = YES_AGGRESSIVE;
				CLANG_WARN_UNREACHABLE_CODE = YES;
				CLANG_WARN__DUPLICATE_METHOD_MATCH = YES;
				COPY_PHASE_STRIP = NO;
				DEBUG_INFORMATION_FORMAT = dwarf;
				ENABLE_STRICT_OBJC_MSGSEND = YES;
				ENABLE_TESTABILITY = YES;
				GCC_C_LANGUAGE_STANDARD = gnu11;
				GCC_DYNAMIC_NO_PIC = NO;
				GCC_NO_COMMON_BLOCKS = YES;
				GCC_OPTIMIZATION_LEVEL = 0;
				GCC_PREPROCESSOR_DEFINITIONS = (
					"DEBUG=1",
					"$(inherited)",
				);
				GCC_WARN_64_TO_32_BIT_CONVERSION = YES;
				GCC_WARN_ABOUT_RETURN_TYPE = YES_ERROR;
				GCC_WARN_UNDECLARED_SELECTOR = YES;
				GCC_WARN_UNINITIALIZED_AUTOS = YES_AGGRESSIVE;
				GCC_WARN_UNUSED_FUNCTION = YES;
				GCC_WARN_UNUSED_VARIABLE = YES;
				IPHONEOS_DEPLOYMENT_TARGET = 13.2;
				MTL_ENABLE_DEBUG_INFO = INCLUDE_SOURCE;
				MTL_FAST_MATH = YES;
				ONLY_ACTIVE_ARCH = YES;
				SDKROOT = iphoneos;
				SWIFT_ACTIVE_COMPILATION_CONDITIONS = DEBUG;
				SWIFT_OPTIMIZATION_LEVEL = "-Onone";
			};
			name = Debug;
		};
		88553EEE2389185700B2240F /* Release */ = {
			isa = XCBuildConfiguration;
			buildSettings = {
				ALWAYS_SEARCH_USER_PATHS = NO;
				CLANG_ANALYZER_NONNULL = YES;
				CLANG_ANALYZER_NUMBER_OBJECT_CONVERSION = YES_AGGRESSIVE;
				CLANG_CXX_LANGUAGE_STANDARD = "gnu++14";
				CLANG_CXX_LIBRARY = "libc++";
				CLANG_ENABLE_MODULES = YES;
				CLANG_ENABLE_OBJC_ARC = YES;
				CLANG_ENABLE_OBJC_WEAK = YES;
				CLANG_WARN_BLOCK_CAPTURE_AUTORELEASING = YES;
				CLANG_WARN_BOOL_CONVERSION = YES;
				CLANG_WARN_COMMA = YES;
				CLANG_WARN_CONSTANT_CONVERSION = YES;
				CLANG_WARN_DEPRECATED_OBJC_IMPLEMENTATIONS = YES;
				CLANG_WARN_DIRECT_OBJC_ISA_USAGE = YES_ERROR;
				CLANG_WARN_DOCUMENTATION_COMMENTS = YES;
				CLANG_WARN_EMPTY_BODY = YES;
				CLANG_WARN_ENUM_CONVERSION = YES;
				CLANG_WARN_INFINITE_RECURSION = YES;
				CLANG_WARN_INT_CONVERSION = YES;
				CLANG_WARN_NON_LITERAL_NULL_CONVERSION = YES;
				CLANG_WARN_OBJC_IMPLICIT_RETAIN_SELF = YES;
				CLANG_WARN_OBJC_LITERAL_CONVERSION = YES;
				CLANG_WARN_OBJC_ROOT_CLASS = YES_ERROR;
				CLANG_WARN_RANGE_LOOP_ANALYSIS = YES;
				CLANG_WARN_STRICT_PROTOTYPES = YES;
				CLANG_WARN_SUSPICIOUS_MOVE = YES;
				CLANG_WARN_UNGUARDED_AVAILABILITY = YES_AGGRESSIVE;
				CLANG_WARN_UNREACHABLE_CODE = YES;
				CLANG_WARN__DUPLICATE_METHOD_MATCH = YES;
				COPY_PHASE_STRIP = NO;
				DEBUG_INFORMATION_FORMAT = "dwarf-with-dsym";
				ENABLE_NS_ASSERTIONS = NO;
				ENABLE_STRICT_OBJC_MSGSEND = YES;
				GCC_C_LANGUAGE_STANDARD = gnu11;
				GCC_NO_COMMON_BLOCKS = YES;
				GCC_WARN_64_TO_32_BIT_CONVERSION = YES;
				GCC_WARN_ABOUT_RETURN_TYPE = YES_ERROR;
				GCC_WARN_UNDECLARED_SELECTOR = YES;
				GCC_WARN_UNINITIALIZED_AUTOS = YES_AGGRESSIVE;
				GCC_WARN_UNUSED_FUNCTION = YES;
				GCC_WARN_UNUSED_VARIABLE = YES;
				IPHONEOS_DEPLOYMENT_TARGET = 13.2;
				MTL_ENABLE_DEBUG_INFO = NO;
				MTL_FAST_MATH = YES;
				SDKROOT = iphoneos;
				SWIFT_COMPILATION_MODE = wholemodule;
				SWIFT_OPTIMIZATION_LEVEL = "-O";
				VALIDATE_PRODUCT = YES;
			};
			name = Release;
		};
		88553EF02389185700B2240F /* Debug */ = {
			isa = XCBuildConfiguration;
			buildSettings = {
				ASSETCATALOG_COMPILER_APPICON_NAME = AppIcon;
				CODE_SIGN_STYLE = Automatic;
				INFOPLIST_FILE = beerPairing/Info.plist;
				LD_RUNPATH_SEARCH_PATHS = (
					"$(inherited)",
					"@executable_path/Frameworks",
				);
				PRODUCT_BUNDLE_IDENTIFIER = alfonsgonzaleztenas.beerPairing;
				PRODUCT_NAME = PunkIpa;
				SWIFT_VERSION = 5.0;
				TARGETED_DEVICE_FAMILY = "1,2";
			};
			name = Debug;
		};
		88553EF12389185700B2240F /* Release */ = {
			isa = XCBuildConfiguration;
			buildSettings = {
				ASSETCATALOG_COMPILER_APPICON_NAME = AppIcon;
				CODE_SIGN_STYLE = Automatic;
				INFOPLIST_FILE = beerPairing/Info.plist;
				LD_RUNPATH_SEARCH_PATHS = (
					"$(inherited)",
					"@executable_path/Frameworks",
				);
				PRODUCT_BUNDLE_IDENTIFIER = alfonsgonzaleztenas.beerPairing;
				PRODUCT_NAME = PunkIpa;
				SWIFT_VERSION = 5.0;
				TARGETED_DEVICE_FAMILY = "1,2";
			};
			name = Release;
		};
/* End XCBuildConfiguration section */

/* Begin XCConfigurationList section */
		88553ED32389185100B2240F /* Build configuration list for PBXProject "beerPairing" */ = {
			isa = XCConfigurationList;
			buildConfigurations = (
				88553EED2389185700B2240F /* Debug */,
				88553EEE2389185700B2240F /* Release */,
			);
			defaultConfigurationIsVisible = 0;
			defaultConfigurationName = Release;
		};
		88553EEF2389185700B2240F /* Build configuration list for PBXNativeTarget "beerPairing" */ = {
			isa = XCConfigurationList;
			buildConfigurations = (
				88553EF02389185700B2240F /* Debug */,
				88553EF12389185700B2240F /* Release */,
			);
			defaultConfigurationIsVisible = 0;
			defaultConfigurationName = Release;
		};
/* End XCConfigurationList section */

/* Begin XCVersionGroup section */
		88553EF223891B4D00B2240F /* beerData.xcdatamodeld */ = {
			isa = XCVersionGroup;
			children = (
				88553EF323891B4D00B2240F /* beerData.xcdatamodel */,
			);
			currentVersion = 88553EF323891B4D00B2240F /* beerData.xcdatamodel */;
			path = beerData.xcdatamodeld;
			sourceTree = "<group>";
			versionGroupType = wrapper.xcdatamodel;
		};
/* End XCVersionGroup section */
	};
	rootObject = 88553ED02389185100B2240F /* Project object */;
}
